
Microsoft Visual Studio Solution File, Format Version 12.00
# Visual Studio Version 17
VisualStudioVersion = 17.0.31903.59
MinimumVisualStudioVersion = 10.0.40219.1
Project("{2150E333-8FDC-42A3-9474-1A3956D46DE8}") = "src", "src", "{827E0CD3-B72D-47B6-A68D-7590B98EB39B}"
EndProject
Project("{FAE04EC0-301F-11D3-BF4B-00C04F79EFBC}") = "TaskManagerAPI.Domain", "src\TaskManagerAPI.Domain\TaskManagerAPI.Domain.csproj", "{843C6BD4-E170-44EE-B9B1-18D7A0B8C13B}"
EndProject
Project("{FAE04EC0-301F-11D3-BF4B-00C04F79EFBC}") = "TaskManagerAPI.Application", "src\TaskManagerAPI.Application\TaskManagerAPI.Application.csproj", "{B3AB1F9C-6831-479F-A903-62C0CB25E349}"
EndProject
Project("{FAE04EC0-301F-11D3-BF4B-00C04F79EFBC}") = "TaskManagerAPI.Infrastructure", "src\TaskManagerAPI.Infrastructure\TaskManagerAPI.Infrastructure.csproj", "{A95A585B-3016-44AA-B92A-F6F57FBE4F9F}"
EndProject
Project("{FAE04EC0-301F-11D3-BF4B-00C04F79EFBC}") = "TaskManagerAPI.Api", "src\TaskManagerAPI.Api\TaskManagerAPI.Api.csproj", "{7309AEC1-05B0-4623-97FE-636B3B7B27E1}"
EndProject
Project("{2150E333-8FDC-42A3-9474-1A3956D46DE8}") = "tests", "tests", "{0AB3BF05-4346-4AA6-1389-037BE0695223}"
EndProject
Project("{FAE04EC0-301F-11D3-BF4B-00C04F79EFBC}") = "TaskManagerAPI.UnitTests", "tests\TaskManagerAPI.UnitTests\TaskManagerAPI.UnitTests.csproj", "{525A562D-19CE-4BC2-A4FB-D87328E95F48}"
EndProject
Project("{FAE04EC0-301F-11D3-BF4B-00C04F79EFBC}") = "TaskManagerAPI.IntegrationTests", "tests\TaskManagerAPI.IntegrationTests\TaskManagerAPI.IntegrationTests.csproj", "{BAE4A6C3-23D2-41A8-B360-28EF08BC8198}"
EndProject
Global
	GlobalSection(SolutionConfigurationPlatforms) = preSolution
		Debug|Any CPU = Debug|Any CPU
		Debug|x64 = Debug|x64
		Debug|x86 = Debug|x86
		Release|Any CPU = Release|Any CPU
		Release|x64 = Release|x64
		Release|x86 = Release|x86
	EndGlobalSection
	GlobalSection(ProjectConfigurationPlatforms) = postSolution
		{843C6BD4-E170-44EE-B9B1-18D7A0B8C13B}.Debug|Any CPU.ActiveCfg = Debug|Any CPU
		{843C6BD4-E170-44EE-B9B1-18D7A0B8C13B}.Debug|Any CPU.Build.0 = Debug|Any CPU
		{843C6BD4-E170-44EE-B9B1-18D7A0B8C13B}.Debug|x64.ActiveCfg = Debug|Any CPU
		{843C6BD4-E170-44EE-B9B1-18D7A0B8C13B}.Debug|x64.Build.0 = Debug|Any CPU
		{843C6BD4-E170-44EE-B9B1-18D7A0B8C13B}.Debug|x86.ActiveCfg = Debug|Any CPU
		{843C6BD4-E170-44EE-B9B1-18D7A0B8C13B}.Debug|x86.Build.0 = Debug|Any CPU
		{843C6BD4-E170-44EE-B9B1-18D7A0B8C13B}.Release|Any CPU.ActiveCfg = Release|Any CPU
		{843C6BD4-E170-44EE-B9B1-18D7A0B8C13B}.Release|Any CPU.Build.0 = Release|Any CPU
		{843C6BD4-E170-44EE-B9B1-18D7A0B8C13B}.Release|x64.ActiveCfg = Release|Any CPU
		{843C6BD4-E170-44EE-B9B1-18D7A0B8C13B}.Release|x64.Build.0 = Release|Any CPU
		{843C6BD4-E170-44EE-B9B1-18D7A0B8C13B}.Release|x86.ActiveCfg = Release|Any CPU
		{843C6BD4-E170-44EE-B9B1-18D7A0B8C13B}.Release|x86.Build.0 = Release|Any CPU
		{B3AB1F9C-6831-479F-A903-62C0CB25E349}.Debug|Any CPU.ActiveCfg = Debug|Any CPU
		{B3AB1F9C-6831-479F-A903-62C0CB25E349}.Debug|Any CPU.Build.0 = Debug|Any CPU
		{B3AB1F9C-6831-479F-A903-62C0CB25E349}.Debug|x64.ActiveCfg = Debug|Any CPU
		{B3AB1F9C-6831-479F-A903-62C0CB25E349}.Debug|x64.Build.0 = Debug|Any CPU
		{B3AB1F9C-6831-479F-A903-62C0CB25E349}.Debug|x86.ActiveCfg = Debug|Any CPU
		{B3AB1F9C-6831-479F-A903-62C0CB25E349}.Debug|x86.Build.0 = Debug|Any CPU
		{B3AB1F9C-6831-479F-A903-62C0CB25E349}.Release|Any CPU.ActiveCfg = Release|Any CPU
		{B3AB1F9C-6831-479F-A903-62C0CB25E349}.Release|Any CPU.Build.0 = Release|Any CPU
		{B3AB1F9C-6831-479F-A903-62C0CB25E349}.Release|x64.ActiveCfg = Release|Any CPU
		{B3AB1F9C-6831-479F-A903-62C0CB25E349}.Release|x64.Build.0 = Release|Any CPU
		{B3AB1F9C-6831-479F-A903-62C0CB25E349}.Release|x86.ActiveCfg = Release|Any CPU
		{B3AB1F9C-6831-479F-A903-62C0CB25E349}.Release|x86.Build.0 = Release|Any CPU
		{A95A585B-3016-44AA-B92A-F6F57FBE4F9F}.Debug|Any CPU.ActiveCfg = Debug|Any CPU
		{A95A585B-3016-44AA-B92A-F6F57FBE4F9F}.Debug|Any CPU.Build.0 = Debug|Any CPU
		{A95A585B-3016-44AA-B92A-F6F57FBE4F9F}.Debug|x64.ActiveCfg = Debug|Any CPU
		{A95A585B-3016-44AA-B92A-F6F57FBE4F9F}.Debug|x64.Build.0 = Debug|Any CPU
		{A95A585B-3016-44AA-B92A-F6F57FBE4F9F}.Debug|x86.ActiveCfg = Debug|Any CPU
		{A95A585B-3016-44AA-B92A-F6F57FBE4F9F}.Debug|x86.Build.0 = Debug|Any CPU
		{A95A585B-3016-44AA-B92A-F6F57FBE4F9F}.Release|Any CPU.ActiveCfg = Release|Any CPU
		{A95A585B-3016-44AA-B92A-F6F57FBE4F9F}.Release|Any CPU.Build.0 = Release|Any CPU
		{A95A585B-3016-44AA-B92A-F6F57FBE4F9F}.Release|x64.ActiveCfg = Release|Any CPU
		{A95A585B-3016-44AA-B92A-F6F57FBE4F9F}.Release|x64.Build.0 = Release|Any CPU
		{A95A585B-3016-44AA-B92A-F6F57FBE4F9F}.Release|x86.ActiveCfg = Release|Any CPU
		{A95A585B-3016-44AA-B92A-F6F57FBE4F9F}.Release|x86.Build.0 = Release|Any CPU
		{7309AEC1-05B0-4623-97FE-636B3B7B27E1}.Debug|Any CPU.ActiveCfg = Debug|Any CPU
		{7309AEC1-05B0-4623-97FE-636B3B7B27E1}.Debug|Any CPU.Build.0 = Debug|Any CPU
		{7309AEC1-05B0-4623-97FE-636B3B7B27E1}.Debug|x64.ActiveCfg = Debug|Any CPU
		{7309AEC1-05B0-4623-97FE-636B3B7B27E1}.Debug|x64.Build.0 = Debug|Any CPU
		{7309AEC1-05B0-4623-97FE-636B3B7B27E1}.Debug|x86.ActiveCfg = Debug|Any CPU
		{7309AEC1-05B0-4623-97FE-636B3B7B27E1}.Debug|x86.Build.0 = Debug|Any CPU
		{7309AEC1-05B0-4623-97FE-636B3B7B27E1}.Release|Any CPU.ActiveCfg = Release|Any CPU
		{7309AEC1-05B0-4623-97FE-636B3B7B27E1}.Release|Any CPU.Build.0 = Release|Any CPU
		{7309AEC1-05B0-4623-97FE-636B3B7B27E1}.Release|x64.ActiveCfg = Release|Any CPU
		{7309AEC1-05B0-4623-97FE-636B3B7B27E1}.Release|x64.Build.0 = Release|Any CPU
		{7309AEC1-05B0-4623-97FE-636B3B7B27E1}.Release|x86.ActiveCfg = Release|Any CPU
		{7309AEC1-05B0-4623-97FE-636B3B7B27E1}.Release|x86.Build.0 = Release|Any CPU
		{525A562D-19CE-4BC2-A4FB-D87328E95F48}.Debug|Any CPU.ActiveCfg = Debug|Any CPU
		{525A562D-19CE-4BC2-A4FB-D87328E95F48}.Debug|Any CPU.Build.0 = Debug|Any CPU
		{525A562D-19CE-4BC2-A4FB-D87328E95F48}.Debug|x64.ActiveCfg = Debug|Any CPU
		{525A562D-19CE-4BC2-A4FB-D87328E95F48}.Debug|x64.Build.0 = Debug|Any CPU
		{525A562D-19CE-4BC2-A4FB-D87328E95F48}.Debug|x86.ActiveCfg = Debug|Any CPU
		{525A562D-19CE-4BC2-A4FB-D87328E95F48}.Debug|x86.Build.0 = Debug|Any CPU
		{525A562D-19CE-4BC2-A4FB-D87328E95F48}.Release|Any CPU.ActiveCfg = Release|Any CPU
		{525A562D-19CE-4BC2-A4FB-D87328E95F48}.Release|Any CPU.Build.0 = Release|Any CPU
		{525A562D-19CE-4BC2-A4FB-D87328E95F48}.Release|x64.ActiveCfg = Release|Any CPU
		{525A562D-19CE-4BC2-A4FB-D87328E95F48}.Release|x64.Build.0 = Release|Any CPU
		{525A562D-19CE-4BC2-A4FB-D87328E95F48}.Release|x86.ActiveCfg = Release|Any CPU
		{525A562D-19CE-4BC2-A4FB-D87328E95F48}.Release|x86.Build.0 = Release|Any CPU
		{BAE4A6C3-23D2-41A8-B360-28EF08BC8198}.Debug|Any CPU.ActiveCfg = Debug|Any CPU
		{BAE4A6C3-23D2-41A8-B360-28EF08BC8198}.Debug|Any CPU.Build.0 = Debug|Any CPU
		{BAE4A6C3-23D2-41A8-B360-28EF08BC8198}.Debug|x64.ActiveCfg = Debug|Any CPU
		{BAE4A6C3-23D2-41A8-B360-28EF08BC8198}.Debug|x64.Build.0 = Debug|Any CPU
		{BAE4A6C3-23D2-41A8-B360-28EF08BC8198}.Debug|x86.ActiveCfg = Debug|Any CPU
		{BAE4A6C3-23D2-41A8-B360-28EF08BC8198}.Debug|x86.Build.0 = Debug|Any CPU
		{BAE4A6C3-23D2-41A8-B360-28EF08BC8198}.Release|Any CPU.ActiveCfg = Release|Any CPU
		{BAE4A6C3-23D2-41A8-B360-28EF08BC8198}.Release|Any CPU.Build.0 = Release|Any CPU
		{BAE4A6C3-23D2-41A8-B360-28EF08BC8198}.Release|x64.ActiveCfg = Release|Any CPU
		{BAE4A6C3-23D2-41A8-B360-28EF08BC8198}.Release|x64.Build.0 = Release|Any CPU
		{BAE4A6C3-23D2-41A8-B360-28EF08BC8198}.Release|x86.ActiveCfg = Release|Any CPU
		{BAE4A6C3-23D2-41A8-B360-28EF08BC8198}.Release|x86.Build.0 = Release|Any CPU
	EndGlobalSection
	GlobalSection(SolutionProperties) = preSolution
		HideSolutionNode = FALSE
	EndGlobalSection
	GlobalSection(NestedProjects) = preSolution
		{843C6BD4-E170-44EE-B9B1-18D7A0B8C13B} = {827E0CD3-B72D-47B6-A68D-7590B98EB39B}
		{B3AB1F9C-6831-479F-A903-62C0CB25E349} = {827E0CD3-B72D-47B6-A68D-7590B98EB39B}
		{A95A585B-3016-44AA-B92A-F6F57FBE4F9F} = {827E0CD3-B72D-47B6-A68D-7590B98EB39B}
		{7309AEC1-05B0-4623-97FE-636B3B7B27E1} = {827E0CD3-B72D-47B6-A68D-7590B98EB39B}
		{525A562D-19CE-4BC2-A4FB-D87328E95F48} = {0AB3BF05-4346-4AA6-1389-037BE0695223}
		{BAE4A6C3-23D2-41A8-B360-28EF08BC8198} = {0AB3BF05-4346-4AA6-1389-037BE0695223}
	EndGlobalSection
EndGlobal
